
Microsoft Visual Studio Solution File, Format Version 12.00
# Visual Studio Version 16
VisualStudioVersion = 16.0.31105.61
MinimumVisualStudioVersion = 10.0.40219.1
Project("{FAE04EC0-301F-11D3-BF4B-00C04F79EFBC}") = "AspNetCore", "AspNetCore\AspNetCore.csproj", "{1EA3232F-26B6-443D-B432-F2DF5A3984F6}"
EndProject
Global
	GlobalSection(SolutionConfigurationPlatforms) = preSolution
		Debug|Any CPU = Debug|Any CPU
		Release|Any CPU = Release|Any CPU
	EndGlobalSection
	GlobalSection(ProjectConfigurationPlatforms) = postSolution
		{1EA3232F-26B6-443D-B432-F2DF5A3984F6}.Debug|Any CPU.ActiveCfg = Debug|Any CPU
		{1EA3232F-26B6-443D-B432-F2DF5A3984F6}.Debug|Any CPU.Build.0 = Debug|Any CPU
		{1EA3232F-26B6-443D-B432-F2DF5A3984F6}.Release|Any CPU.ActiveCfg = Release|Any CPU
		{1EA3232F-26B6-443D-B432-F2DF5A3984F6}.Release|Any CPU.Build.0 = Release|Any CPU
	EndGlobalSection
	GlobalSection(SolutionProperties) = preSolution
		HideSolutionNode = FALSE
	EndGlobalSection
	GlobalSection(ExtensibilityGlobals) = postSolution
		SolutionGuid = {355E00BA-D368-4316-B72F-73C950355EC7}
	EndGlobalSection
EndGlobal
